
Microsoft Visual Studio Solution File, Format Version 12.00
# Visual Studio 15
VisualStudioVersion = 15.0.27130.2036
MinimumVisualStudioVersion = 10.0.40219.1
Project("{FAE04EC0-301F-11D3-BF4B-00C04F79EFBC}") = "WebApiWithAngularJS", "WebApiWithAngularJS\WebApiWithAngularJS.csproj", "{9F7EBD2E-FD41-4A0D-9820-FBDC7D738877}"
EndProject
Global
	GlobalSection(SolutionConfigurationPlatforms) = preSolution
		Debug|Any CPU = Debug|Any CPU
		Release|Any CPU = Release|Any CPU
	EndGlobalSection
	GlobalSection(ProjectConfigurationPlatforms) = postSolution
		{9F7EBD2E-FD41-4A0D-9820-FBDC7D738877}.Debug|Any CPU.ActiveCfg = Debug|Any CPU
		{9F7EBD2E-FD41-4A0D-9820-FBDC7D738877}.Debug|Any CPU.Build.0 = Debug|Any CPU
		{9F7EBD2E-FD41-4A0D-9820-FBDC7D738877}.Release|Any CPU.ActiveCfg = Release|Any CPU
		{9F7EBD2E-FD41-4A0D-9820-FBDC7D738877}.Release|Any CPU.Build.0 = Release|Any CPU
	EndGlobalSection
	GlobalSection(SolutionProperties) = preSolution
		HideSolutionNode = FALSE
	EndGlobalSection
	GlobalSection(ExtensibilityGlobals) = postSolution
		SolutionGuid = {FD0678C4-438B-4617-AB71-CC5BCCA64471}
	EndGlobalSection
EndGlobal
